
Microsoft Visual Studio Solution File, Format Version 12.00
# Visual Studio Version 17
VisualStudioVersion = 17.9.34728.123
MinimumVisualStudioVersion = 10.0.40219.1
Project("{9A19103F-16F7-4668-BE54-9A1E7A4F7556}") = "CustomDoublyLinkedList", "CustomDoublyLinkedList\CustomDoublyLinkedList.csproj", "{2C4911C1-81C0-4078-8AAE-49A1D822D61A}"
EndProject
Global
	GlobalSection(SolutionConfigurationPlatforms) = preSolution
		Debug|Any CPU = Debug|Any CPU
		Release|Any CPU = Release|Any CPU
	EndGlobalSection
	GlobalSection(ProjectConfigurationPlatforms) = postSolution
		{2C4911C1-81C0-4078-8AAE-49A1D822D61A}.Debug|Any CPU.ActiveCfg = Debug|Any CPU
		{2C4911C1-81C0-4078-8AAE-49A1D822D61A}.Debug|Any CPU.Build.0 = Debug|Any CPU
		{2C4911C1-81C0-4078-8AAE-49A1D822D61A}.Release|Any CPU.ActiveCfg = Release|Any CPU
		{2C4911C1-81C0-4078-8AAE-49A1D822D61A}.Release|Any CPU.Build.0 = Release|Any CPU
	EndGlobalSection
	GlobalSection(SolutionProperties) = preSolution
		HideSolutionNode = FALSE
	EndGlobalSection
	GlobalSection(ExtensibilityGlobals) = postSolution
		SolutionGuid = {7FBDE0EF-AD65-4225-8260-228C8ADD2839}
	EndGlobalSection
EndGlobal
